// !$*UTF8*$!
{
	archiveVersion = 1;
	classes = {
	};
	objectVersion = 56;
	objects = {

/* Begin PBXBuildFile section */
		A10001000000000000000001 /* BacklogMyIssueWidgetApp.swift in Sources */ = {isa = PBXBuildFile; fileRef = A20001000000000000000001 /* BacklogMyIssueWidgetApp.swift */; };
		A10002000000000000000002 /* AppDelegate.swift in Sources */ = {isa = PBXBuildFile; fileRef = A20002000000000000000002 /* AppDelegate.swift */; };
		A10004000000000000000004 /* FloatingPanel.swift in Sources */ = {isa = PBXBuildFile; fileRef = A20004000000000000000004 /* FloatingPanel.swift */; };
		A10005000000000000000005 /* IssueListView.swift in Sources */ = {isa = PBXBuildFile; fileRef = A20005000000000000000005 /* IssueListView.swift */; };
		A10006000000000000000006 /* IssueRowView.swift in Sources */ = {isa = PBXBuildFile; fileRef = A20006000000000000000006 /* IssueRowView.swift */; };
		A10007000000000000000007 /* StatusBadgeView.swift in Sources */ = {isa = PBXBuildFile; fileRef = A20007000000000000000007 /* StatusBadgeView.swift */; };
		A10008000000000000000008 /* PriorityIndicatorView.swift in Sources */ = {isa = PBXBuildFile; fileRef = A20008000000000000000008 /* PriorityIndicatorView.swift */; };
		A10009000000000000000009 /* SettingsView.swift in Sources */ = {isa = PBXBuildFile; fileRef = A20009000000000000000009 /* SettingsView.swift */; };
		A10010000000000000000010 /* EmptyStateView.swift in Sources */ = {isa = PBXBuildFile; fileRef = A20010000000000000000010 /* EmptyStateView.swift */; };
		A10011000000000000000011 /* MenuBarContentView.swift in Sources */ = {isa = PBXBuildFile; fileRef = A20011000000000000000011 /* MenuBarContentView.swift */; };
		A10012000000000000000012 /* BacklogIssue.swift in Sources */ = {isa = PBXBuildFile; fileRef = A20012000000000000000012 /* BacklogIssue.swift */; };
		A10013000000000000000013 /* BacklogUser.swift in Sources */ = {isa = PBXBuildFile; fileRef = A20013000000000000000013 /* BacklogUser.swift */; };
		A10014000000000000000014 /* BacklogAPIClient.swift in Sources */ = {isa = PBXBuildFile; fileRef = A20014000000000000000014 /* BacklogAPIClient.swift */; };
		A10015000000000000000015 /* KeychainService.swift in Sources */ = {isa = PBXBuildFile; fileRef = A20015000000000000000015 /* KeychainService.swift */; };
		A10016000000000000000016 /* IssueListViewModel.swift in Sources */ = {isa = PBXBuildFile; fileRef = A20016000000000000000016 /* IssueListViewModel.swift */; };
		A10017000000000000000017 /* SettingsViewModel.swift in Sources */ = {isa = PBXBuildFile; fileRef = A20017000000000000000017 /* SettingsViewModel.swift */; };
		A10018000000000000000018 /* Constants.swift in Sources */ = {isa = PBXBuildFile; fileRef = A20018000000000000000018 /* Constants.swift */; };
		A10019000000000000000019 /* Color+Hex.swift in Sources */ = {isa = PBXBuildFile; fileRef = A20019000000000000000019 /* Color+Hex.swift */; };
/* End PBXBuildFile section */

/* Begin PBXFileReference section */
		A20001000000000000000001 /* BacklogMyIssueWidgetApp.swift */ = {isa = PBXFileReference; lastKnownFileType = sourcecode.swift; path = BacklogMyIssueWidgetApp.swift; sourceTree = "<group>"; };
		A20002000000000000000002 /* AppDelegate.swift */ = {isa = PBXFileReference; lastKnownFileType = sourcecode.swift; path = AppDelegate.swift; sourceTree = "<group>"; };
		A20003000000000000000003 /* Info.plist */ = {isa = PBXFileReference; lastKnownFileType = text.plist.xml; path = Info.plist; sourceTree = "<group>"; };
		A20004000000000000000004 /* FloatingPanel.swift */ = {isa = PBXFileReference; lastKnownFileType = sourcecode.swift; path = FloatingPanel.swift; sourceTree = "<group>"; };
		A20005000000000000000005 /* IssueListView.swift */ = {isa = PBXFileReference; lastKnownFileType = sourcecode.swift; path = IssueListView.swift; sourceTree = "<group>"; };
		A20006000000000000000006 /* IssueRowView.swift */ = {isa = PBXFileReference; lastKnownFileType = sourcecode.swift; path = IssueRowView.swift; sourceTree = "<group>"; };
		A20007000000000000000007 /* StatusBadgeView.swift */ = {isa = PBXFileReference; lastKnownFileType = sourcecode.swift; path = StatusBadgeView.swift; sourceTree = "<group>"; };
		A20008000000000000000008 /* PriorityIndicatorView.swift */ = {isa = PBXFileReference; lastKnownFileType = sourcecode.swift; path = PriorityIndicatorView.swift; sourceTree = "<group>"; };
		A20009000000000000000009 /* SettingsView.swift */ = {isa = PBXFileReference; lastKnownFileType = sourcecode.swift; path = SettingsView.swift; sourceTree = "<group>"; };
		A20010000000000000000010 /* EmptyStateView.swift */ = {isa = PBXFileReference; lastKnownFileType = sourcecode.swift; path = EmptyStateView.swift; sourceTree = "<group>"; };
		A20011000000000000000011 /* MenuBarContentView.swift */ = {isa = PBXFileReference; lastKnownFileType = sourcecode.swift; path = MenuBarContentView.swift; sourceTree = "<group>"; };
		A20012000000000000000012 /* BacklogIssue.swift */ = {isa = PBXFileReference; lastKnownFileType = sourcecode.swift; path = BacklogIssue.swift; sourceTree = "<group>"; };
		A20013000000000000000013 /* BacklogUser.swift */ = {isa = PBXFileReference; lastKnownFileType = sourcecode.swift; path = BacklogUser.swift; sourceTree = "<group>"; };
		A20014000000000000000014 /* BacklogAPIClient.swift */ = {isa = PBXFileReference; lastKnownFileType = sourcecode.swift; path = BacklogAPIClient.swift; sourceTree = "<group>"; };
		A20015000000000000000015 /* KeychainService.swift */ = {isa = PBXFileReference; lastKnownFileType = sourcecode.swift; path = KeychainService.swift; sourceTree = "<group>"; };
		A20016000000000000000016 /* IssueListViewModel.swift */ = {isa = PBXFileReference; lastKnownFileType = sourcecode.swift; path = IssueListViewModel.swift; sourceTree = "<group>"; };
		A20017000000000000000017 /* SettingsViewModel.swift */ = {isa = PBXFileReference; lastKnownFileType = sourcecode.swift; path = SettingsViewModel.swift; sourceTree = "<group>"; };
		A20018000000000000000018 /* Constants.swift */ = {isa = PBXFileReference; lastKnownFileType = sourcecode.swift; path = Constants.swift; sourceTree = "<group>"; };
		A20019000000000000000019 /* Color+Hex.swift */ = {isa = PBXFileReference; lastKnownFileType = sourcecode.swift; name = "Color+Hex.swift"; path = "Color+Hex.swift"; sourceTree = "<group>"; };
		A20020000000000000000020 /* BacklogMyIssueWidget.entitlements */ = {isa = PBXFileReference; lastKnownFileType = text.plist.entitlements; path = BacklogMyIssueWidget.entitlements; sourceTree = "<group>"; };
		A30001000000000000000001 /* BacklogMyIssueWidget.app */ = {isa = PBXFileReference; explicitFileType = wrapper.application; includeInIndex = 0; path = BacklogMyIssueWidget.app; sourceTree = BUILT_PRODUCTS_DIR; };
/* End PBXFileReference section */

/* Begin PBXFrameworksBuildPhase section */
		A40001000000000000000001 /* Frameworks */ = {
			isa = PBXFrameworksBuildPhase;
			buildActionMask = 2147483647;
			files = (
			);
			runOnlyForDeploymentPostprocessing = 0;
		};
/* End PBXFrameworksBuildPhase section */

/* Begin PBXGroup section */
		A50001000000000000000001 = {
			isa = PBXGroup;
			children = (
				A50002000000000000000002 /* BacklogMyIssueWidget */,
				A20020000000000000000020 /* BacklogMyIssueWidget.entitlements */,
				A50010000000000000000010 /* Products */,
			);
			sourceTree = "<group>";
		};
		A50002000000000000000002 /* BacklogMyIssueWidget */ = {
			isa = PBXGroup;
			children = (
				A50003000000000000000003 /* App */,
				A50004000000000000000004 /* Panel */,
				A50005000000000000000005 /* Views */,
				A50006000000000000000006 /* Models */,
				A50007000000000000000007 /* Services */,
				A50008000000000000000008 /* ViewModels */,
				A50009000000000000000009 /* Utilities */,
			);
			path = BacklogMyIssueWidget;
			sourceTree = "<group>";
		};
		A50003000000000000000003 /* App */ = {
			isa = PBXGroup;
			children = (
				A20001000000000000000001 /* BacklogMyIssueWidgetApp.swift */,
				A20002000000000000000002 /* AppDelegate.swift */,
				A20003000000000000000003 /* Info.plist */,
			);
			path = App;
			sourceTree = "<group>";
		};
		A50004000000000000000004 /* Panel */ = {
			isa = PBXGroup;
			children = (
				A20004000000000000000004 /* FloatingPanel.swift */,
			);
			path = Panel;
			sourceTree = "<group>";
		};
		A50005000000000000000005 /* Views */ = {
			isa = PBXGroup;
			children = (
				A20005000000000000000005 /* IssueListView.swift */,
				A20006000000000000000006 /* IssueRowView.swift */,
				A20007000000000000000007 /* StatusBadgeView.swift */,
				A20008000000000000000008 /* PriorityIndicatorView.swift */,
				A20009000000000000000009 /* SettingsView.swift */,
				A20010000000000000000010 /* EmptyStateView.swift */,
				A20011000000000000000011 /* MenuBarContentView.swift */,
			);
			path = Views;
			sourceTree = "<group>";
		};
		A50006000000000000000006 /* Models */ = {
			isa = PBXGroup;
			children = (
				A20012000000000000000012 /* BacklogIssue.swift */,
				A20013000000000000000013 /* BacklogUser.swift */,
			);
			path = Models;
			sourceTree = "<group>";
		};
		A50007000000000000000007 /* Services */ = {
			isa = PBXGroup;
			children = (
				A20014000000000000000014 /* BacklogAPIClient.swift */,
				A20015000000000000000015 /* KeychainService.swift */,
			);
			path = Services;
			sourceTree = "<group>";
		};
		A50008000000000000000008 /* ViewModels */ = {
			isa = PBXGroup;
			children = (
				A20016000000000000000016 /* IssueListViewModel.swift */,
				A20017000000000000000017 /* SettingsViewModel.swift */,
			);
			path = ViewModels;
			sourceTree = "<group>";
		};
		A50009000000000000000009 /* Utilities */ = {
			isa = PBXGroup;
			children = (
				A20018000000000000000018 /* Constants.swift */,
				A20019000000000000000019 /* Color+Hex.swift */,
			);
			path = Utilities;
			sourceTree = "<group>";
		};
		A50010000000000000000010 /* Products */ = {
			isa = PBXGroup;
			children = (
				A30001000000000000000001 /* BacklogMyIssueWidget.app */,
			);
			name = Products;
			sourceTree = "<group>";
		};
/* End PBXGroup section */

/* Begin PBXNativeTarget section */
		A60001000000000000000001 /* BacklogMyIssueWidget */ = {
			isa = PBXNativeTarget;
			buildConfigurationList = A80002000000000000000002 /* Build configuration list for PBXNativeTarget "BacklogMyIssueWidget" */;
			buildPhases = (
				A70001000000000000000001 /* Sources */,
				A40001000000000000000001 /* Frameworks */,
			);
			buildRules = (
			);
			dependencies = (
			);
			name = BacklogMyIssueWidget;
			productName = BacklogMyIssueWidget;
			productReference = A30001000000000000000001 /* BacklogMyIssueWidget.app */;
			productType = "com.apple.product-type.application";
		};
/* End PBXNativeTarget section */

/* Begin PBXProject section */
		A90001000000000000000001 /* Project object */ = {
			isa = PBXProject;
			attributes = {
				BuildIndependentTargetsInParallel = 1;
				LastSwiftUpdateCheck = 1540;
				LastUpgradeCheck = 1540;
				TargetAttributes = {
					A60001000000000000000001 = {
						CreatedOnToolsVersion = 15.4;
					};
				};
			};
			buildConfigurationList = A80001000000000000000001 /* Build configuration list for PBXProject "BacklogMyIssueWidget" */;
			compatibilityVersion = "Xcode 14.0";
			developmentRegion = en;
			hasScannedForEncodings = 0;
			knownRegions = (
				en,
				Base,
			);
			mainGroup = A50001000000000000000001;
			productRefGroup = A50010000000000000000010 /* Products */;
			projectDirPath = "";
			projectRoot = "";
			targets = (
				A60001000000000000000001 /* BacklogMyIssueWidget */,
			);
		};
/* End PBXProject section */

/* Begin PBXSourcesBuildPhase section */
		A70001000000000000000001 /* Sources */ = {
			isa = PBXSourcesBuildPhase;
			buildActionMask = 2147483647;
			files = (
				A10001000000000000000001 /* BacklogMyIssueWidgetApp.swift in Sources */,
				A10002000000000000000002 /* AppDelegate.swift in Sources */,
				A10004000000000000000004 /* FloatingPanel.swift in Sources */,
				A10005000000000000000005 /* IssueListView.swift in Sources */,
				A10006000000000000000006 /* IssueRowView.swift in Sources */,
				A10007000000000000000007 /* StatusBadgeView.swift in Sources */,
				A10008000000000000000008 /* PriorityIndicatorView.swift in Sources */,
				A10009000000000000000009 /* SettingsView.swift in Sources */,
				A10010000000000000000010 /* EmptyStateView.swift in Sources */,
				A10011000000000000000011 /* MenuBarContentView.swift in Sources */,
				A10012000000000000000012 /* BacklogIssue.swift in Sources */,
				A10013000000000000000013 /* BacklogUser.swift in Sources */,
				A10014000000000000000014 /* BacklogAPIClient.swift in Sources */,
				A10015000000000000000015 /* KeychainService.swift in Sources */,
				A10016000000000000000016 /* IssueListViewModel.swift in Sources */,
				A10017000000000000000017 /* SettingsViewModel.swift in Sources */,
				A10018000000000000000018 /* Constants.swift in Sources */,
				A10019000000000000000019 /* Color+Hex.swift in Sources */,
			);
			runOnlyForDeploymentPostprocessing = 0;
		};
/* End PBXSourcesBuildPhase section */

/* Begin XCBuildConfiguration section */
		B10001000000000000000001 /* Debug */ = {
			isa = XCBuildConfiguration;
			buildSettings = {
				ALWAYS_SEARCH_USER_PATHS = NO;
				ASSETCATALOG_COMPILER_GENERATE_SWIFT_ASSET_SYMBOL_EXTENSIONS = YES;
				CLANG_ANALYZER_NONNULL = YES;
				CLANG_ANALYZER_NUMBER_OBJECT_CONVERSION = YES_AGGRESSIVE;
				CLANG_CXX_LANGUAGE_STANDARD = "gnu++20";
				CLANG_ENABLE_MODULES = YES;
				CLANG_ENABLE_OBJC_ARC = YES;
				CLANG_ENABLE_OBJC_WEAK = YES;
				CLANG_WARN_BLOCK_CAPTURE_AUTORELEASING = YES;
				CLANG_WARN_BOOL_CONVERSION = YES;
				CLANG_WARN_COMMA = YES;
				CLANG_WARN_CONSTANT_CONVERSION = YES;
				CLANG_WARN_DEPRECATED_OBJC_IMPLEMENTATIONS = YES;
				CLANG_WARN_DIRECT_OBJC_ISA_USAGE = YES_ERROR;
				CLANG_WARN_DOCUMENTATION_COMMENTS = YES;
				CLANG_WARN_EMPTY_BODY = YES;
				CLANG_WARN_ENUM_CONVERSION = YES;
				CLANG_WARN_INFINITE_RECURSION = YES;
				CLANG_WARN_INT_CONVERSION = YES;
				CLANG_WARN_NON_LITERAL_NULL_CONVERSION = YES;
				CLANG_WARN_OBJC_IMPLICIT_RETAIN_SELF = YES;
				CLANG_WARN_OBJC_LITERAL_CONVERSION = YES;
				CLANG_WARN_OBJC_ROOT_CLASS = YES_ERROR;
				CLANG_WARN_QUOTED_INCLUDE_IN_FRAMEWORK_HEADER = YES;
				CLANG_WARN_RANGE_LOOP_ANALYSIS = YES;
				CLANG_WARN_STRICT_PROTOTYPES = YES;
				CLANG_WARN_SUSPICIOUS_MOVE = YES;
				CLANG_WARN_UNGUARDED_AVAILABILITY = YES_AGGRESSIVE;
				CLANG_WARN_UNREACHABLE_CODE = YES;
				CLANG_WARN__DUPLICATE_METHOD_MATCH = YES;
				COPY_PHASE_STRIP = NO;
				DEBUG_INFORMATION_FORMAT = dwarf;
				ENABLE_STRICT_OBJC_MSGSEND = YES;
				ENABLE_TESTABILITY = YES;
				ENABLE_USER_SCRIPT_SANDBOXING = YES;
				GCC_C_LANGUAGE_STANDARD = gnu17;
				GCC_DYNAMIC_NO_PIC = NO;
				GCC_NO_COMMON_BLOCKS = YES;
				GCC_OPTIMIZATION_LEVEL = 0;
				GCC_PREPROCESSOR_DEFINITIONS = (
					"DEBUG=1",
					"$(inherited)",
				);
				GCC_WARN_64_TO_32_BIT_CONVERSION = YES;
				GCC_WARN_ABOUT_RETURN_TYPE = YES_ERROR;
				GCC_WARN_UNDECLARED_SELECTOR = YES;
				GCC_WARN_UNINITIALIZED_AUTOS = YES_AGGRESSIVE;
				GCC_WARN_UNUSED_FUNCTION = YES;
				GCC_WARN_UNUSED_VARIABLE = YES;
				MACOSX_DEPLOYMENT_TARGET = 14.0;
				MTL_ENABLE_DEBUG_INFO = INCLUDE_SOURCE;
				MTL_FAST_MATH = YES;
				ONLY_ACTIVE_ARCH = YES;
				SDKROOT = macosx;
				SWIFT_ACTIVE_COMPILATION_CONDITIONS = "DEBUG $(inherited)";
				SWIFT_OPTIMIZATION_LEVEL = "-Onone";
			};
			name = Debug;
		};
		B10002000000000000000002 /* Release */ = {
			isa = XCBuildConfiguration;
			buildSettings = {
				ALWAYS_SEARCH_USER_PATHS = NO;
				ASSETCATALOG_COMPILER_GENERATE_SWIFT_ASSET_SYMBOL_EXTENSIONS = YES;
				CLANG_ANALYZER_NONNULL = YES;
				CLANG_ANALYZER_NUMBER_OBJECT_CONVERSION = YES_AGGRESSIVE;
				CLANG_CXX_LANGUAGE_STANDARD = "gnu++20";
				CLANG_ENABLE_MODULES = YES;
				CLANG_ENABLE_OBJC_ARC = YES;
				CLANG_ENABLE_OBJC_WEAK = YES;
				CLANG_WARN_BLOCK_CAPTURE_AUTORELEASING = YES;
				CLANG_WARN_BOOL_CONVERSION = YES;
				CLANG_WARN_COMMA = YES;
				CLANG_WARN_CONSTANT_CONVERSION = YES;
				CLANG_WARN_DEPRECATED_OBJC_IMPLEMENTATIONS = YES;
				CLANG_WARN_DIRECT_OBJC_ISA_USAGE = YES_ERROR;
				CLANG_WARN_DOCUMENTATION_COMMENTS = YES;
				CLANG_WARN_EMPTY_BODY = YES;
				CLANG_WARN_ENUM_CONVERSION = YES;
				CLANG_WARN_INFINITE_RECURSION = YES;
				CLANG_WARN_INT_CONVERSION = YES;
				CLANG_WARN_NON_LITERAL_NULL_CONVERSION = YES;
				CLANG_WARN_OBJC_IMPLICIT_RETAIN_SELF = YES;
				CLANG_WARN_OBJC_LITERAL_CONVERSION = YES;
				CLANG_WARN_OBJC_ROOT_CLASS = YES_ERROR;
				CLANG_WARN_QUOTED_INCLUDE_IN_FRAMEWORK_HEADER = YES;
				CLANG_WARN_RANGE_LOOP_ANALYSIS = YES;
				CLANG_WARN_STRICT_PROTOTYPES = YES;
				CLANG_WARN_SUSPICIOUS_MOVE = YES;
				CLANG_WARN_UNGUARDED_AVAILABILITY = YES_AGGRESSIVE;
				CLANG_WARN_UNREACHABLE_CODE = YES;
				CLANG_WARN__DUPLICATE_METHOD_MATCH = YES;
				COPY_PHASE_STRIP = NO;
				DEBUG_INFORMATION_FORMAT = "dwarf-with-dsym";
				ENABLE_NS_ASSERTIONS = NO;
				ENABLE_STRICT_OBJC_MSGSEND = YES;
				ENABLE_USER_SCRIPT_SANDBOXING = YES;
				GCC_C_LANGUAGE_STANDARD = gnu17;
				GCC_NO_COMMON_BLOCKS = YES;
				GCC_WARN_64_TO_32_BIT_CONVERSION = YES;
				GCC_WARN_ABOUT_RETURN_TYPE = YES_ERROR;
				GCC_WARN_UNDECLARED_SELECTOR = YES;
				GCC_WARN_UNINITIALIZED_AUTOS = YES_AGGRESSIVE;
				GCC_WARN_UNUSED_FUNCTION = YES;
				GCC_WARN_UNUSED_VARIABLE = YES;
				MACOSX_DEPLOYMENT_TARGET = 14.0;
				MTL_ENABLE_DEBUG_INFO = NO;
				MTL_FAST_MATH = YES;
				SDKROOT = macosx;
				SWIFT_COMPILATION_MODE = wholemodule;
			};
			name = Release;
		};
		B10003000000000000000003 /* Debug */ = {
			isa = XCBuildConfiguration;
			buildSettings = {
				CODE_SIGN_ENTITLEMENTS = BacklogMyIssueWidget.entitlements;
				CODE_SIGN_STYLE = Automatic;
				COMBINE_HIDPI_IMAGES = YES;
				CURRENT_PROJECT_VERSION = 1;
				ENABLE_HARDENED_RUNTIME = YES;
				GENERATE_INFOPLIST_FILE = YES;
				INFOPLIST_FILE = BacklogMyIssueWidget/App/Info.plist;
				INFOPLIST_KEY_LSUIElement = YES;
				INFOPLIST_KEY_NSHumanReadableCopyright = "";
				LD_RUNPATH_SEARCH_PATHS = (
					"$(inherited)",
					"@executable_path/../Frameworks",
				);
				MARKETING_VERSION = 1.0;
				PRODUCT_BUNDLE_IDENTIFIER = com.backlog.myissuewidget;
				PRODUCT_NAME = "$(TARGET_NAME)";
				SWIFT_EMIT_LOC_STRINGS = YES;
				SWIFT_STRICT_CONCURRENCY = complete;
				SWIFT_VERSION = 5.0;
			};
			name = Debug;
		};
		B10004000000000000000004 /* Release */ = {
			isa = XCBuildConfiguration;
			buildSettings = {
				CODE_SIGN_ENTITLEMENTS = BacklogMyIssueWidget.entitlements;
				CODE_SIGN_STYLE = Automatic;
				COMBINE_HIDPI_IMAGES = YES;
				CURRENT_PROJECT_VERSION = 1;
				ENABLE_HARDENED_RUNTIME = YES;
				GENERATE_INFOPLIST_FILE = YES;
				INFOPLIST_FILE = BacklogMyIssueWidget/App/Info.plist;
				INFOPLIST_KEY_LSUIElement = YES;
				INFOPLIST_KEY_NSHumanReadableCopyright = "";
				LD_RUNPATH_SEARCH_PATHS = (
					"$(inherited)",
					"@executable_path/../Frameworks",
				);
				MARKETING_VERSION = 1.0;
				PRODUCT_BUNDLE_IDENTIFIER = com.backlog.myissuewidget;
				PRODUCT_NAME = "$(TARGET_NAME)";
				SWIFT_EMIT_LOC_STRINGS = YES;
				SWIFT_STRICT_CONCURRENCY = complete;
				SWIFT_VERSION = 5.0;
			};
			name = Release;
		};
/* End XCBuildConfiguration section */

/* Begin XCConfigurationList section */
		A80001000000000000000001 /* Build configuration list for PBXProject "BacklogMyIssueWidget" */ = {
			isa = XCConfigurationList;
			buildConfigurations = (
				B10001000000000000000001 /* Debug */,
				B10002000000000000000002 /* Release */,
			);
			defaultConfigurationIsVisible = 0;
			defaultConfigurationName = Release;
		};
		A80002000000000000000002 /* Build configuration list for PBXNativeTarget "BacklogMyIssueWidget" */ = {
			isa = XCConfigurationList;
			buildConfigurations = (
				B10003000000000000000003 /* Debug */,
				B10004000000000000000004 /* Release */,
			);
			defaultConfigurationIsVisible = 0;
			defaultConfigurationName = Release;
		};
/* End XCConfigurationList section */

	};
	rootObject = A90001000000000000000001 /* Project object */;
}
